
Microsoft Visual Studio Solution File, Format Version 12.00
# Visual Studio Version 17
VisualStudioVersion = 17.5.33516.290
MinimumVisualStudioVersion = 10.0.40219.1
Project("{FAE04EC0-301F-11D3-BF4B-00C04F79EFBC}") = "AppAvtomat", "AppAvtomat\AppAvtomat.csproj", "{802777B8-6A0B-4294-9A69-6E85D1F1F866}"
EndProject
Global
	GlobalSection(SolutionConfigurationPlatforms) = preSolution
		Debug|Any CPU = Debug|Any CPU
		Release|Any CPU = Release|Any CPU
	EndGlobalSection
	GlobalSection(ProjectConfigurationPlatforms) = postSolution
		{802777B8-6A0B-4294-9A69-6E85D1F1F866}.Debug|Any CPU.ActiveCfg = Debug|Any CPU
		{802777B8-6A0B-4294-9A69-6E85D1F1F866}.Debug|Any CPU.Build.0 = Debug|Any CPU
		{802777B8-6A0B-4294-9A69-6E85D1F1F866}.Release|Any CPU.ActiveCfg = Release|Any CPU
		{802777B8-6A0B-4294-9A69-6E85D1F1F866}.Release|Any CPU.Build.0 = Release|Any CPU
	EndGlobalSection
	GlobalSection(SolutionProperties) = preSolution
		HideSolutionNode = FALSE
	EndGlobalSection
	GlobalSection(ExtensibilityGlobals) = postSolution
		SolutionGuid = {70551548-D2DB-44B6-A4BE-89121F1F1044}
	EndGlobalSection
EndGlobal
